
Microsoft Visual Studio Solution File, Format Version 12.00
# Visual Studio Version 17
VisualStudioVersion = 17.10.35122.118
MinimumVisualStudioVersion = 10.0.40219.1
Project("{FAE04EC0-301F-11D3-BF4B-00C04F79EFBC}") = "console-test", "console-test\console-test.csproj", "{6DF462A5-EDF5-41C3-88BE-1F3355A7032B}"
EndProject
Global
	GlobalSection(SolutionConfigurationPlatforms) = preSolution
		Debug|Any CPU = Debug|Any CPU
		Release|Any CPU = Release|Any CPU
	EndGlobalSection
	GlobalSection(ProjectConfigurationPlatforms) = postSolution
		{6DF462A5-EDF5-41C3-88BE-1F3355A7032B}.Debug|Any CPU.ActiveCfg = Debug|Any CPU
		{6DF462A5-EDF5-41C3-88BE-1F3355A7032B}.Debug|Any CPU.Build.0 = Debug|Any CPU
		{6DF462A5-EDF5-41C3-88BE-1F3355A7032B}.Release|Any CPU.ActiveCfg = Release|Any CPU
		{6DF462A5-EDF5-41C3-88BE-1F3355A7032B}.Release|Any CPU.Build.0 = Release|Any CPU
	EndGlobalSection
	GlobalSection(SolutionProperties) = preSolution
		HideSolutionNode = FALSE
	EndGlobalSection
	GlobalSection(ExtensibilityGlobals) = postSolution
		SolutionGuid = {9CCFFFAC-EEC6-48D8-8A87-6EE9E4BD8226}
	EndGlobalSection
EndGlobal
